{
  "name": "pag-musica",
  "lockfileVersion": 3,
  "requires": true,
  "packages": {
    "": {
      "dependencies": {
        "angular.validators": "^4.4.3"
      }
    },
    "node_modules/angular.validators": {
      "version": "4.4.3",
      "resolved": "https://registry.npmjs.org/angular.validators/-/angular.validators-4.4.3.tgz",
      "integrity": "sha512-PW2PEQCIpDk2MPQbFI7dew51Q//+TcgDvf2GLhkDNtq9TmL03XwM9+HyVCBAcOqUYhquxF6DTSpadizI1QnIlA==",
      "engines": {
        "node": ">=0.10.0"
      }
    }
  }
}
