
Microsoft Visual Studio Solution File, Format Version 12.00
# Visual Studio Version 17
VisualStudioVersion = 17.9.34701.34
MinimumVisualStudioVersion = 10.0.40219.1
Project("{54A90642-561A-4BB1-A94E-469ADEE60C69}") = "Pag-Musica-Artistas", "pag-musica\Pag-Musica-Artistas.esproj", "{AA8B2997-9047-4115-82D7-0FB562DCDCE4}"
EndProject
Project("{54A90642-561A-4BB1-A94E-469ADEE60C69}") = "Pag-Musica-Discos", "Pag-Musica-Discos\Pag-Musica-Discos.esproj", "{721E0900-6DC3-409E-A188-B9F9370D6F70}"
EndProject
Global
	GlobalSection(SolutionConfigurationPlatforms) = preSolution
		Debug|Any CPU = Debug|Any CPU
		Release|Any CPU = Release|Any CPU
	EndGlobalSection
	GlobalSection(ProjectConfigurationPlatforms) = postSolution
		{AA8B2997-9047-4115-82D7-0FB562DCDCE4}.Debug|Any CPU.ActiveCfg = Debug|Any CPU
		{AA8B2997-9047-4115-82D7-0FB562DCDCE4}.Debug|Any CPU.Build.0 = Debug|Any CPU
		{AA8B2997-9047-4115-82D7-0FB562DCDCE4}.Debug|Any CPU.Deploy.0 = Debug|Any CPU
		{AA8B2997-9047-4115-82D7-0FB562DCDCE4}.Release|Any CPU.ActiveCfg = Release|Any CPU
		{AA8B2997-9047-4115-82D7-0FB562DCDCE4}.Release|Any CPU.Build.0 = Release|Any CPU
		{AA8B2997-9047-4115-82D7-0FB562DCDCE4}.Release|Any CPU.Deploy.0 = Release|Any CPU
		{721E0900-6DC3-409E-A188-B9F9370D6F70}.Debug|Any CPU.ActiveCfg = Debug|Any CPU
		{721E0900-6DC3-409E-A188-B9F9370D6F70}.Debug|Any CPU.Build.0 = Debug|Any CPU
		{721E0900-6DC3-409E-A188-B9F9370D6F70}.Debug|Any CPU.Deploy.0 = Debug|Any CPU
		{721E0900-6DC3-409E-A188-B9F9370D6F70}.Release|Any CPU.ActiveCfg = Release|Any CPU
		{721E0900-6DC3-409E-A188-B9F9370D6F70}.Release|Any CPU.Build.0 = Release|Any CPU
		{721E0900-6DC3-409E-A188-B9F9370D6F70}.Release|Any CPU.Deploy.0 = Release|Any CPU
	EndGlobalSection
	GlobalSection(SolutionProperties) = preSolution
		HideSolutionNode = FALSE
	EndGlobalSection
	GlobalSection(ExtensibilityGlobals) = postSolution
		SolutionGuid = {5EB19BC7-EE9E-419C-AA01-0688F4D4D1F9}
	EndGlobalSection
EndGlobal
